// !$*UTF8*$!
{
	archiveVersion = 1;
	classes = {
	};
	objectVersion = 50;
	objects = {

/* Begin PBXBuildFile section */
		01CFE3552609F62B003B9103 /* main1.swift in Sources */ = {isa = PBXBuildFile; fileRef = 01CFE3542609F62B003B9103 /* main1.swift */; };
		01CFE35B2609FC45003B9103 /* main2.swift in Sources */ = {isa = PBXBuildFile; fileRef = 01CFE35A2609FC45003B9103 /* main2.swift */; };
		01CFE3602609FD81003B9103 /* main3.swift in Sources */ = {isa = PBXBuildFile; fileRef = 01CFE35F2609FD81003B9103 /* main3.swift */; };
		01CFE365260ADD9F003B9103 /* main4.swift in Sources */ = {isa = PBXBuildFile; fileRef = 01CFE364260ADD9F003B9103 /* main4.swift */; };
		3BCB1BDE259434F100F19DBF /* main.swift in Sources */ = {isa = PBXBuildFile; fileRef = 3BCB1BDD259434F100F19DBF /* main.swift */; };
/* End PBXBuildFile section */

/* Begin PBXCopyFilesBuildPhase section */
		3BCB1BD8259434F100F19DBF /* CopyFiles */ = {
			isa = PBXCopyFilesBuildPhase;
			buildActionMask = 2147483647;
			dstPath = /usr/share/man/man1/;
			dstSubfolderSpec = 0;
			files = (
			);
			runOnlyForDeploymentPostprocessing = 1;
		};
/* End PBXCopyFilesBuildPhase section */

/* Begin PBXFileReference section */
		01CFE3542609F62B003B9103 /* main1.swift */ = {isa = PBXFileReference; lastKnownFileType = sourcecode.swift; path = main1.swift; sourceTree = "<group>"; };
		01CFE35A2609FC45003B9103 /* main2.swift */ = {isa = PBXFileReference; lastKnownFileType = sourcecode.swift; path = main2.swift; sourceTree = "<group>"; };
		01CFE35F2609FD81003B9103 /* main3.swift */ = {isa = PBXFileReference; lastKnownFileType = sourcecode.swift; path = main3.swift; sourceTree = "<group>"; };
		01CFE364260ADD9F003B9103 /* main4.swift */ = {isa = PBXFileReference; lastKnownFileType = sourcecode.swift; path = main4.swift; sourceTree = "<group>"; };
		3BCB1BDA259434F100F19DBF /* 2-策略模式 */ = {isa = PBXFileReference; explicitFileType = "compiled.mach-o.executable"; includeInIndex = 0; path = "2-策略模式"; sourceTree = BUILT_PRODUCTS_DIR; };
		3BCB1BDD259434F100F19DBF /* main.swift */ = {isa = PBXFileReference; lastKnownFileType = sourcecode.swift; path = main.swift; sourceTree = "<group>"; };
/* End PBXFileReference section */

/* Begin PBXFrameworksBuildPhase section */
		3BCB1BD7259434F100F19DBF /* Frameworks */ = {
			isa = PBXFrameworksBuildPhase;
			buildActionMask = 2147483647;
			files = (
			);
			runOnlyForDeploymentPostprocessing = 0;
		};
/* End PBXFrameworksBuildPhase section */

/* Begin PBXGroup section */
		01CFE3532609F60A003B9103 /* 1.0 */ = {
			isa = PBXGroup;
			children = (
				01CFE3542609F62B003B9103 /* main1.swift */,
			);
			path = 1.0;
			sourceTree = "<group>";
		};
		01CFE3592609FC2E003B9103 /* 2.0 */ = {
			isa = PBXGroup;
			children = (
				01CFE35A2609FC45003B9103 /* main2.swift */,
			);
			path = 2.0;
			sourceTree = "<group>";
		};
		01CFE35E2609FD72003B9103 /* 3.0 */ = {
			isa = PBXGroup;
			children = (
				01CFE35F2609FD81003B9103 /* main3.swift */,
			);
			path = 3.0;
			sourceTree = "<group>";
		};
		01CFE363260ADD8D003B9103 /* 4.0 */ = {
			isa = PBXGroup;
			children = (
				01CFE364260ADD9F003B9103 /* main4.swift */,
			);
			path = 4.0;
			sourceTree = "<group>";
		};
		3BCB1BD1259434F100F19DBF = {
			isa = PBXGroup;
			children = (
				3BCB1BDC259434F100F19DBF /* 2-策略模式 */,
				3BCB1BDB259434F100F19DBF /* Products */,
			);
			sourceTree = "<group>";
		};
		3BCB1BDB259434F100F19DBF /* Products */ = {
			isa = PBXGroup;
			children = (
				3BCB1BDA259434F100F19DBF /* 2-策略模式 */,
			);
			name = Products;
			sourceTree = "<group>";
		};
		3BCB1BDC259434F100F19DBF /* 2-策略模式 */ = {
			isa = PBXGroup;
			children = (
				01CFE363260ADD8D003B9103 /* 4.0 */,
				01CFE35E2609FD72003B9103 /* 3.0 */,
				01CFE3592609FC2E003B9103 /* 2.0 */,
				01CFE3532609F60A003B9103 /* 1.0 */,
				3BCB1BDD259434F100F19DBF /* main.swift */,
			);
			path = "2-策略模式";
			sourceTree = "<group>";
		};
/* End PBXGroup section */

/* Begin PBXNativeTarget section */
		3BCB1BD9259434F100F19DBF /* 2-策略模式 */ = {
			isa = PBXNativeTarget;
			buildConfigurationList = 3BCB1BE1259434F100F19DBF /* Build configuration list for PBXNativeTarget "2-策略模式" */;
			buildPhases = (
				3BCB1BD6259434F100F19DBF /* Sources */,
				3BCB1BD7259434F100F19DBF /* Frameworks */,
				3BCB1BD8259434F100F19DBF /* CopyFiles */,
			);
			buildRules = (
			);
			dependencies = (
			);
			name = "2-策略模式";
			productName = "2-策略模式";
			productReference = 3BCB1BDA259434F100F19DBF /* 2-策略模式 */;
			productType = "com.apple.product-type.tool";
		};
/* End PBXNativeTarget section */

/* Begin PBXProject section */
		3BCB1BD2259434F100F19DBF /* Project object */ = {
			isa = PBXProject;
			attributes = {
				LastSwiftUpdateCheck = 1230;
				LastUpgradeCheck = 1230;
				TargetAttributes = {
					3BCB1BD9259434F100F19DBF = {
						CreatedOnToolsVersion = 12.3;
					};
				};
			};
			buildConfigurationList = 3BCB1BD5259434F100F19DBF /* Build configuration list for PBXProject "2-策略模式" */;
			compatibilityVersion = "Xcode 9.3";
			developmentRegion = en;
			hasScannedForEncodings = 0;
			knownRegions = (
				en,
				Base,
			);
			mainGroup = 3BCB1BD1259434F100F19DBF;
			productRefGroup = 3BCB1BDB259434F100F19DBF /* Products */;
			projectDirPath = "";
			projectRoot = "";
			targets = (
				3BCB1BD9259434F100F19DBF /* 2-策略模式 */,
			);
		};
/* End PBXProject section */

/* Begin PBXSourcesBuildPhase section */
		3BCB1BD6259434F100F19DBF /* Sources */ = {
			isa = PBXSourcesBuildPhase;
			buildActionMask = 2147483647;
			files = (
				01CFE35B2609FC45003B9103 /* main2.swift in Sources */,
				01CFE365260ADD9F003B9103 /* main4.swift in Sources */,
				01CFE3552609F62B003B9103 /* main1.swift in Sources */,
				01CFE3602609FD81003B9103 /* main3.swift in Sources */,
				3BCB1BDE259434F100F19DBF /* main.swift in Sources */,
			);
			runOnlyForDeploymentPostprocessing = 0;
		};
/* End PBXSourcesBuildPhase section */

/* Begin XCBuildConfiguration section */
		3BCB1BDF259434F100F19DBF /* Debug */ = {
			isa = XCBuildConfiguration;
			buildSettings = {
				ALWAYS_SEARCH_USER_PATHS = NO;
				CLANG_ANALYZER_NONNULL = YES;
				CLANG_ANALYZER_NUMBER_OBJECT_CONVERSION = YES_AGGRESSIVE;
				CLANG_CXX_LANGUAGE_STANDARD = "gnu++14";
				CLANG_CXX_LIBRARY = "libc++";
				CLANG_ENABLE_MODULES = YES;
				CLANG_ENABLE_OBJC_ARC = YES;
				CLANG_ENABLE_OBJC_WEAK = YES;
				CLANG_WARN_BLOCK_CAPTURE_AUTORELEASING = YES;
				CLANG_WARN_BOOL_CONVERSION = YES;
				CLANG_WARN_COMMA = YES;
				CLANG_WARN_CONSTANT_CONVERSION = YES;
				CLANG_WARN_DEPRECATED_OBJC_IMPLEMENTATIONS = YES;
				CLANG_WARN_DIRECT_OBJC_ISA_USAGE = YES_ERROR;
				CLANG_WARN_DOCUMENTATION_COMMENTS = YES;
				CLANG_WARN_EMPTY_BODY = YES;
				CLANG_WARN_ENUM_CONVERSION = YES;
				CLANG_WARN_INFINITE_RECURSION = YES;
				CLANG_WARN_INT_CONVERSION = YES;
				CLANG_WARN_NON_LITERAL_NULL_CONVERSION = YES;
				CLANG_WARN_OBJC_IMPLICIT_RETAIN_SELF = YES;
				CLANG_WARN_OBJC_LITERAL_CONVERSION = YES;
				CLANG_WARN_OBJC_ROOT_CLASS = YES_ERROR;
				CLANG_WARN_QUOTED_INCLUDE_IN_FRAMEWORK_HEADER = YES;
				CLANG_WARN_RANGE_LOOP_ANALYSIS = YES;
				CLANG_WARN_STRICT_PROTOTYPES = YES;
				CLANG_WARN_SUSPICIOUS_MOVE = YES;
				CLANG_WARN_UNGUARDED_AVAILABILITY = YES_AGGRESSIVE;
				CLANG_WARN_UNREACHABLE_CODE = YES;
				CLANG_WARN__DUPLICATE_METHOD_MATCH = YES;
				COPY_PHASE_STRIP = NO;
				DEBUG_INFORMATION_FORMAT = dwarf;
				ENABLE_STRICT_OBJC_MSGSEND = YES;
				ENABLE_TESTABILITY = YES;
				GCC_C_LANGUAGE_STANDARD = gnu11;
				GCC_DYNAMIC_NO_PIC = NO;
				GCC_NO_COMMON_BLOCKS = YES;
				GCC_OPTIMIZATION_LEVEL = 0;
				GCC_PREPROCESSOR_DEFINITIONS = (
					"DEBUG=1",
					"$(inherited)",
				);
				GCC_WARN_64_TO_32_BIT_CONVERSION = YES;
				GCC_WARN_ABOUT_RETURN_TYPE = YES_ERROR;
				GCC_WARN_UNDECLARED_SELECTOR = YES;
				GCC_WARN_UNINITIALIZED_AUTOS = YES_AGGRESSIVE;
				GCC_WARN_UNUSED_FUNCTION = YES;
				GCC_WARN_UNUSED_VARIABLE = YES;
				MACOSX_DEPLOYMENT_TARGET = 11.1;
				MTL_ENABLE_DEBUG_INFO = INCLUDE_SOURCE;
				MTL_FAST_MATH = YES;
				ONLY_ACTIVE_ARCH = YES;
				SDKROOT = macosx;
				SWIFT_ACTIVE_COMPILATION_CONDITIONS = DEBUG;
				SWIFT_OPTIMIZATION_LEVEL = "-Onone";
			};
			name = Debug;
		};
		3BCB1BE0259434F100F19DBF /* Release */ = {
			isa = XCBuildConfiguration;
			buildSettings = {
				ALWAYS_SEARCH_USER_PATHS = NO;
				CLANG_ANALYZER_NONNULL = YES;
				CLANG_ANALYZER_NUMBER_OBJECT_CONVERSION = YES_AGGRESSIVE;
				CLANG_CXX_LANGUAGE_STANDARD = "gnu++14";
				CLANG_CXX_LIBRARY = "libc++";
				CLANG_ENABLE_MODULES = YES;
				CLANG_ENABLE_OBJC_ARC = YES;
				CLANG_ENABLE_OBJC_WEAK = YES;
				CLANG_WARN_BLOCK_CAPTURE_AUTORELEASING = YES;
				CLANG_WARN_BOOL_CONVERSION = YES;
				CLANG_WARN_COMMA = YES;
				CLANG_WARN_CONSTANT_CONVERSION = YES;
				CLANG_WARN_DEPRECATED_OBJC_IMPLEMENTATIONS = YES;
				CLANG_WARN_DIRECT_OBJC_ISA_USAGE = YES_ERROR;
				CLANG_WARN_DOCUMENTATION_COMMENTS = YES;
				CLANG_WARN_EMPTY_BODY = YES;
				CLANG_WARN_ENUM_CONVERSION = YES;
				CLANG_WARN_INFINITE_RECURSION = YES;
				CLANG_WARN_INT_CONVERSION = YES;
				CLANG_WARN_NON_LITERAL_NULL_CONVERSION = YES;
				CLANG_WARN_OBJC_IMPLICIT_RETAIN_SELF = YES;
				CLANG_WARN_OBJC_LITERAL_CONVERSION = YES;
				CLANG_WARN_OBJC_ROOT_CLASS = YES_ERROR;
				CLANG_WARN_QUOTED_INCLUDE_IN_FRAMEWORK_HEADER = YES;
				CLANG_WARN_RANGE_LOOP_ANALYSIS = YES;
				CLANG_WARN_STRICT_PROTOTYPES = YES;
				CLANG_WARN_SUSPICIOUS_MOVE = YES;
				CLANG_WARN_UNGUARDED_AVAILABILITY = YES_AGGRESSIVE;
				CLANG_WARN_UNREACHABLE_CODE = YES;
				CLANG_WARN__DUPLICATE_METHOD_MATCH = YES;
				COPY_PHASE_STRIP = NO;
				DEBUG_INFORMATION_FORMAT = "dwarf-with-dsym";
				ENABLE_NS_ASSERTIONS = NO;
				ENABLE_STRICT_OBJC_MSGSEND = YES;
				GCC_C_LANGUAGE_STANDARD = gnu11;
				GCC_NO_COMMON_BLOCKS = YES;
				GCC_WARN_64_TO_32_BIT_CONVERSION = YES;
				GCC_WARN_ABOUT_RETURN_TYPE = YES_ERROR;
				GCC_WARN_UNDECLARED_SELECTOR = YES;
				GCC_WARN_UNINITIALIZED_AUTOS = YES_AGGRESSIVE;
				GCC_WARN_UNUSED_FUNCTION = YES;
				GCC_WARN_UNUSED_VARIABLE = YES;
				MACOSX_DEPLOYMENT_TARGET = 11.1;
				MTL_ENABLE_DEBUG_INFO = NO;
				MTL_FAST_MATH = YES;
				SDKROOT = macosx;
				SWIFT_COMPILATION_MODE = wholemodule;
				SWIFT_OPTIMIZATION_LEVEL = "-O";
			};
			name = Release;
		};
		3BCB1BE2259434F100F19DBF /* Debug */ = {
			isa = XCBuildConfiguration;
			buildSettings = {
				CODE_SIGN_STYLE = Automatic;
				DEVELOPMENT_TEAM = 9H7JFCV9B8;
				ENABLE_HARDENED_RUNTIME = YES;
				PRODUCT_NAME = "$(TARGET_NAME)";
				SWIFT_VERSION = 5.0;
			};
			name = Debug;
		};
		3BCB1BE3259434F100F19DBF /* Release */ = {
			isa = XCBuildConfiguration;
			buildSettings = {
				CODE_SIGN_STYLE = Automatic;
				DEVELOPMENT_TEAM = 9H7JFCV9B8;
				ENABLE_HARDENED_RUNTIME = YES;
				PRODUCT_NAME = "$(TARGET_NAME)";
				SWIFT_VERSION = 5.0;
			};
			name = Release;
		};
/* End XCBuildConfiguration section */

/* Begin XCConfigurationList section */
		3BCB1BD5259434F100F19DBF /* Build configuration list for PBXProject "2-策略模式" */ = {
			isa = XCConfigurationList;
			buildConfigurations = (
				3BCB1BDF259434F100F19DBF /* Debug */,
				3BCB1BE0259434F100F19DBF /* Release */,
			);
			defaultConfigurationIsVisible = 0;
			defaultConfigurationName = Release;
		};
		3BCB1BE1259434F100F19DBF /* Build configuration list for PBXNativeTarget "2-策略模式" */ = {
			isa = XCConfigurationList;
			buildConfigurations = (
				3BCB1BE2259434F100F19DBF /* Debug */,
				3BCB1BE3259434F100F19DBF /* Release */,
			);
			defaultConfigurationIsVisible = 0;
			defaultConfigurationName = Release;
		};
/* End XCConfigurationList section */
	};
	rootObject = 3BCB1BD2259434F100F19DBF /* Project object */;
}
