// !$*UTF8*$!
{
	archiveVersion = 1;
	classes = {
	};
	objectVersion = 50;
	objects = {

/* Begin PBXBuildFile section */
		149280942328976F001CAD44 /* main.m in Sources */ = {isa = PBXBuildFile; fileRef = 149280932328976F001CAD44 /* main.m */; };
		1492809D23289A62001CAD44 /* AnimalFactory.m in Sources */ = {isa = PBXBuildFile; fileRef = 1492809C23289A62001CAD44 /* AnimalFactory.m */; };
		149280A023289BA2001CAD44 /* Cat.m in Sources */ = {isa = PBXBuildFile; fileRef = 1492809F23289BA2001CAD44 /* Cat.m */; };
		149280A323289C6F001CAD44 /* Dog.m in Sources */ = {isa = PBXBuildFile; fileRef = 149280A223289C6F001CAD44 /* Dog.m */; };
		149280A623289EE5001CAD44 /* Animal.m in Sources */ = {isa = PBXBuildFile; fileRef = 149280A523289EE5001CAD44 /* Animal.m */; };
/* End PBXBuildFile section */

/* Begin PBXCopyFilesBuildPhase section */
		1492808E2328976F001CAD44 /* CopyFiles */ = {
			isa = PBXCopyFilesBuildPhase;
			buildActionMask = 2147483647;
			dstPath = /usr/share/man/man1/;
			dstSubfolderSpec = 0;
			files = (
			);
			runOnlyForDeploymentPostprocessing = 1;
		};
/* End PBXCopyFilesBuildPhase section */

/* Begin PBXFileReference section */
		149280902328976F001CAD44 /* 工厂模式(Factory Pattern) */ = {isa = PBXFileReference; explicitFileType = "compiled.mach-o.executable"; includeInIndex = 0; path = "工厂模式(Factory Pattern)"; sourceTree = BUILT_PRODUCTS_DIR; };
		149280932328976F001CAD44 /* main.m */ = {isa = PBXFileReference; lastKnownFileType = sourcecode.c.objc; path = main.m; sourceTree = "<group>"; };
		1492809A232899F9001CAD44 /* AnimalProtocol.h */ = {isa = PBXFileReference; lastKnownFileType = sourcecode.c.h; path = AnimalProtocol.h; sourceTree = "<group>"; };
		1492809B23289A62001CAD44 /* AnimalFactory.h */ = {isa = PBXFileReference; lastKnownFileType = sourcecode.c.h; path = AnimalFactory.h; sourceTree = "<group>"; };
		1492809C23289A62001CAD44 /* AnimalFactory.m */ = {isa = PBXFileReference; lastKnownFileType = sourcecode.c.objc; path = AnimalFactory.m; sourceTree = "<group>"; };
		1492809E23289BA2001CAD44 /* Cat.h */ = {isa = PBXFileReference; lastKnownFileType = sourcecode.c.h; path = Cat.h; sourceTree = "<group>"; };
		1492809F23289BA2001CAD44 /* Cat.m */ = {isa = PBXFileReference; lastKnownFileType = sourcecode.c.objc; path = Cat.m; sourceTree = "<group>"; };
		149280A123289C6F001CAD44 /* Dog.h */ = {isa = PBXFileReference; lastKnownFileType = sourcecode.c.h; path = Dog.h; sourceTree = "<group>"; };
		149280A223289C6F001CAD44 /* Dog.m */ = {isa = PBXFileReference; lastKnownFileType = sourcecode.c.objc; path = Dog.m; sourceTree = "<group>"; };
		149280A423289EE5001CAD44 /* Animal.h */ = {isa = PBXFileReference; lastKnownFileType = sourcecode.c.h; path = Animal.h; sourceTree = "<group>"; };
		149280A523289EE5001CAD44 /* Animal.m */ = {isa = PBXFileReference; lastKnownFileType = sourcecode.c.objc; path = Animal.m; sourceTree = "<group>"; };
/* End PBXFileReference section */

/* Begin PBXFrameworksBuildPhase section */
		1492808D2328976F001CAD44 /* Frameworks */ = {
			isa = PBXFrameworksBuildPhase;
			buildActionMask = 2147483647;
			files = (
			);
			runOnlyForDeploymentPostprocessing = 0;
		};
/* End PBXFrameworksBuildPhase section */

/* Begin PBXGroup section */
		149280872328976F001CAD44 = {
			isa = PBXGroup;
			children = (
				149280922328976F001CAD44 /* 工厂模式(Factory Pattern) */,
				149280912328976F001CAD44 /* Products */,
			);
			sourceTree = "<group>";
		};
		149280912328976F001CAD44 /* Products */ = {
			isa = PBXGroup;
			children = (
				149280902328976F001CAD44 /* 工厂模式(Factory Pattern) */,
			);
			name = Products;
			sourceTree = "<group>";
		};
		149280922328976F001CAD44 /* 工厂模式(Factory Pattern) */ = {
			isa = PBXGroup;
			children = (
				149280932328976F001CAD44 /* main.m */,
				1492809A232899F9001CAD44 /* AnimalProtocol.h */,
				149280A423289EE5001CAD44 /* Animal.h */,
				149280A523289EE5001CAD44 /* Animal.m */,
				1492809E23289BA2001CAD44 /* Cat.h */,
				1492809F23289BA2001CAD44 /* Cat.m */,
				149280A123289C6F001CAD44 /* Dog.h */,
				149280A223289C6F001CAD44 /* Dog.m */,
				1492809B23289A62001CAD44 /* AnimalFactory.h */,
				1492809C23289A62001CAD44 /* AnimalFactory.m */,
			);
			path = "工厂模式(Factory Pattern)";
			sourceTree = "<group>";
		};
/* End PBXGroup section */

/* Begin PBXNativeTarget section */
		1492808F2328976F001CAD44 /* 工厂模式(Factory Pattern) */ = {
			isa = PBXNativeTarget;
			buildConfigurationList = 149280972328976F001CAD44 /* Build configuration list for PBXNativeTarget "工厂模式(Factory Pattern)" */;
			buildPhases = (
				1492808C2328976F001CAD44 /* Sources */,
				1492808D2328976F001CAD44 /* Frameworks */,
				1492808E2328976F001CAD44 /* CopyFiles */,
			);
			buildRules = (
			);
			dependencies = (
			);
			name = "工厂模式(Factory Pattern)";
			productName = "工厂模式(Factory Pattern)";
			productReference = 149280902328976F001CAD44 /* 工厂模式(Factory Pattern) */;
			productType = "com.apple.product-type.tool";
		};
/* End PBXNativeTarget section */

/* Begin PBXProject section */
		149280882328976F001CAD44 /* Project object */ = {
			isa = PBXProject;
			attributes = {
				LastUpgradeCheck = 1030;
				ORGANIZATIONNAME = Link;
				TargetAttributes = {
					1492808F2328976F001CAD44 = {
						CreatedOnToolsVersion = 10.3;
					};
				};
			};
			buildConfigurationList = 1492808B2328976F001CAD44 /* Build configuration list for PBXProject "工厂模式(Factory Pattern)" */;
			compatibilityVersion = "Xcode 9.3";
			developmentRegion = en;
			hasScannedForEncodings = 0;
			knownRegions = (
				en,
			);
			mainGroup = 149280872328976F001CAD44;
			productRefGroup = 149280912328976F001CAD44 /* Products */;
			projectDirPath = "";
			projectRoot = "";
			targets = (
				1492808F2328976F001CAD44 /* 工厂模式(Factory Pattern) */,
			);
		};
/* End PBXProject section */

/* Begin PBXSourcesBuildPhase section */
		1492808C2328976F001CAD44 /* Sources */ = {
			isa = PBXSourcesBuildPhase;
			buildActionMask = 2147483647;
			files = (
				149280A023289BA2001CAD44 /* Cat.m in Sources */,
				1492809D23289A62001CAD44 /* AnimalFactory.m in Sources */,
				149280A623289EE5001CAD44 /* Animal.m in Sources */,
				149280A323289C6F001CAD44 /* Dog.m in Sources */,
				149280942328976F001CAD44 /* main.m in Sources */,
			);
			runOnlyForDeploymentPostprocessing = 0;
		};
/* End PBXSourcesBuildPhase section */

/* Begin XCBuildConfiguration section */
		149280952328976F001CAD44 /* Debug */ = {
			isa = XCBuildConfiguration;
			buildSettings = {
				ALWAYS_SEARCH_USER_PATHS = NO;
				CLANG_ANALYZER_NONNULL = YES;
				CLANG_ANALYZER_NUMBER_OBJECT_CONVERSION = YES_AGGRESSIVE;
				CLANG_CXX_LANGUAGE_STANDARD = "gnu++14";
				CLANG_CXX_LIBRARY = "libc++";
				CLANG_ENABLE_MODULES = YES;
				CLANG_ENABLE_OBJC_ARC = YES;
				CLANG_ENABLE_OBJC_WEAK = YES;
				CLANG_WARN_BLOCK_CAPTURE_AUTORELEASING = YES;
				CLANG_WARN_BOOL_CONVERSION = YES;
				CLANG_WARN_COMMA = YES;
				CLANG_WARN_CONSTANT_CONVERSION = YES;
				CLANG_WARN_DEPRECATED_OBJC_IMPLEMENTATIONS = YES;
				CLANG_WARN_DIRECT_OBJC_ISA_USAGE = YES_ERROR;
				CLANG_WARN_DOCUMENTATION_COMMENTS = YES;
				CLANG_WARN_EMPTY_BODY = YES;
				CLANG_WARN_ENUM_CONVERSION = YES;
				CLANG_WARN_INFINITE_RECURSION = YES;
				CLANG_WARN_INT_CONVERSION = YES;
				CLANG_WARN_NON_LITERAL_NULL_CONVERSION = YES;
				CLANG_WARN_OBJC_IMPLICIT_RETAIN_SELF = YES;
				CLANG_WARN_OBJC_LITERAL_CONVERSION = YES;
				CLANG_WARN_OBJC_ROOT_CLASS = YES_ERROR;
				CLANG_WARN_RANGE_LOOP_ANALYSIS = YES;
				CLANG_WARN_STRICT_PROTOTYPES = YES;
				CLANG_WARN_SUSPICIOUS_MOVE = YES;
				CLANG_WARN_UNGUARDED_AVAILABILITY = YES_AGGRESSIVE;
				CLANG_WARN_UNREACHABLE_CODE = YES;
				CLANG_WARN__DUPLICATE_METHOD_MATCH = YES;
				CODE_SIGN_IDENTITY = "Mac Developer";
				COPY_PHASE_STRIP = NO;
				DEBUG_INFORMATION_FORMAT = dwarf;
				ENABLE_STRICT_OBJC_MSGSEND = YES;
				ENABLE_TESTABILITY = YES;
				GCC_C_LANGUAGE_STANDARD = gnu11;
				GCC_DYNAMIC_NO_PIC = NO;
				GCC_NO_COMMON_BLOCKS = YES;
				GCC_OPTIMIZATION_LEVEL = 0;
				GCC_PREPROCESSOR_DEFINITIONS = (
					"DEBUG=1",
					"$(inherited)",
				);
				GCC_WARN_64_TO_32_BIT_CONVERSION = YES;
				GCC_WARN_ABOUT_RETURN_TYPE = YES_ERROR;
				GCC_WARN_UNDECLARED_SELECTOR = YES;
				GCC_WARN_UNINITIALIZED_AUTOS = YES_AGGRESSIVE;
				GCC_WARN_UNUSED_FUNCTION = YES;
				GCC_WARN_UNUSED_VARIABLE = YES;
				MACOSX_DEPLOYMENT_TARGET = 10.14;
				MTL_ENABLE_DEBUG_INFO = INCLUDE_SOURCE;
				MTL_FAST_MATH = YES;
				ONLY_ACTIVE_ARCH = YES;
				SDKROOT = macosx;
			};
			name = Debug;
		};
		149280962328976F001CAD44 /* Release */ = {
			isa = XCBuildConfiguration;
			buildSettings = {
				ALWAYS_SEARCH_USER_PATHS = NO;
				CLANG_ANALYZER_NONNULL = YES;
				CLANG_ANALYZER_NUMBER_OBJECT_CONVERSION = YES_AGGRESSIVE;
				CLANG_CXX_LANGUAGE_STANDARD = "gnu++14";
				CLANG_CXX_LIBRARY = "libc++";
				CLANG_ENABLE_MODULES = YES;
				CLANG_ENABLE_OBJC_ARC = YES;
				CLANG_ENABLE_OBJC_WEAK = YES;
				CLANG_WARN_BLOCK_CAPTURE_AUTORELEASING = YES;
				CLANG_WARN_BOOL_CONVERSION = YES;
				CLANG_WARN_COMMA = YES;
				CLANG_WARN_CONSTANT_CONVERSION = YES;
				CLANG_WARN_DEPRECATED_OBJC_IMPLEMENTATIONS = YES;
				CLANG_WARN_DIRECT_OBJC_ISA_USAGE = YES_ERROR;
				CLANG_WARN_DOCUMENTATION_COMMENTS = YES;
				CLANG_WARN_EMPTY_BODY = YES;
				CLANG_WARN_ENUM_CONVERSION = YES;
				CLANG_WARN_INFINITE_RECURSION = YES;
				CLANG_WARN_INT_CONVERSION = YES;
				CLANG_WARN_NON_LITERAL_NULL_CONVERSION = YES;
				CLANG_WARN_OBJC_IMPLICIT_RETAIN_SELF = YES;
				CLANG_WARN_OBJC_LITERAL_CONVERSION = YES;
				CLANG_WARN_OBJC_ROOT_CLASS = YES_ERROR;
				CLANG_WARN_RANGE_LOOP_ANALYSIS = YES;
				CLANG_WARN_STRICT_PROTOTYPES = YES;
				CLANG_WARN_SUSPICIOUS_MOVE = YES;
				CLANG_WARN_UNGUARDED_AVAILABILITY = YES_AGGRESSIVE;
				CLANG_WARN_UNREACHABLE_CODE = YES;
				CLANG_WARN__DUPLICATE_METHOD_MATCH = YES;
				CODE_SIGN_IDENTITY = "Mac Developer";
				COPY_PHASE_STRIP = NO;
				DEBUG_INFORMATION_FORMAT = "dwarf-with-dsym";
				ENABLE_NS_ASSERTIONS = NO;
				ENABLE_STRICT_OBJC_MSGSEND = YES;
				GCC_C_LANGUAGE_STANDARD = gnu11;
				GCC_NO_COMMON_BLOCKS = YES;
				GCC_WARN_64_TO_32_BIT_CONVERSION = YES;
				GCC_WARN_ABOUT_RETURN_TYPE = YES_ERROR;
				GCC_WARN_UNDECLARED_SELECTOR = YES;
				GCC_WARN_UNINITIALIZED_AUTOS = YES_AGGRESSIVE;
				GCC_WARN_UNUSED_FUNCTION = YES;
				GCC_WARN_UNUSED_VARIABLE = YES;
				MACOSX_DEPLOYMENT_TARGET = 10.14;
				MTL_ENABLE_DEBUG_INFO = NO;
				MTL_FAST_MATH = YES;
				SDKROOT = macosx;
			};
			name = Release;
		};
		149280982328976F001CAD44 /* Debug */ = {
			isa = XCBuildConfiguration;
			buildSettings = {
				CODE_SIGN_STYLE = Automatic;
				DEVELOPMENT_TEAM = 9H7JFCV9B8;
				PRODUCT_NAME = "$(TARGET_NAME)";
			};
			name = Debug;
		};
		149280992328976F001CAD44 /* Release */ = {
			isa = XCBuildConfiguration;
			buildSettings = {
				CODE_SIGN_STYLE = Automatic;
				DEVELOPMENT_TEAM = 9H7JFCV9B8;
				PRODUCT_NAME = "$(TARGET_NAME)";
			};
			name = Release;
		};
/* End XCBuildConfiguration section */

/* Begin XCConfigurationList section */
		1492808B2328976F001CAD44 /* Build configuration list for PBXProject "工厂模式(Factory Pattern)" */ = {
			isa = XCConfigurationList;
			buildConfigurations = (
				149280952328976F001CAD44 /* Debug */,
				149280962328976F001CAD44 /* Release */,
			);
			defaultConfigurationIsVisible = 0;
			defaultConfigurationName = Release;
		};
		149280972328976F001CAD44 /* Build configuration list for PBXNativeTarget "工厂模式(Factory Pattern)" */ = {
			isa = XCConfigurationList;
			buildConfigurations = (
				149280982328976F001CAD44 /* Debug */,
				149280992328976F001CAD44 /* Release */,
			);
			defaultConfigurationIsVisible = 0;
			defaultConfigurationName = Release;
		};
/* End XCConfigurationList section */
	};
	rootObject = 149280882328976F001CAD44 /* Project object */;
}
